
Microsoft Visual Studio Solution File, Format Version 12.00
# Visual Studio Version 16
VisualStudioVersion = 16.0.30503.244
MinimumVisualStudioVersion = 10.0.40219.1
Project("{FAE04EC0-301F-11D3-BF4B-00C04F79EFBC}") = "Sample.PageObject", "Sample.PageObject\Sample.PageObject.csproj", "{FC74102A-0303-4E9C-9A76-475EFF61B386}"
EndProject
Project("{FAE04EC0-301F-11D3-BF4B-00C04F79EFBC}") = "Sample.Web.AT", "Sample.Web.AT\Sample.Web.AT.csproj", "{D1DBA438-C2DF-403B-924C-46269A3249DE}"
EndProject
Global
	GlobalSection(SolutionConfigurationPlatforms) = preSolution
		Debug|Any CPU = Debug|Any CPU
		Release|Any CPU = Release|Any CPU
	EndGlobalSection
	GlobalSection(ProjectConfigurationPlatforms) = postSolution
		{FC74102A-0303-4E9C-9A76-475EFF61B386}.Debug|Any CPU.ActiveCfg = Debug|Any CPU
		{FC74102A-0303-4E9C-9A76-475EFF61B386}.Debug|Any CPU.Build.0 = Debug|Any CPU
		{FC74102A-0303-4E9C-9A76-475EFF61B386}.Release|Any CPU.ActiveCfg = Release|Any CPU
		{FC74102A-0303-4E9C-9A76-475EFF61B386}.Release|Any CPU.Build.0 = Release|Any CPU
		{D1DBA438-C2DF-403B-924C-46269A3249DE}.Debug|Any CPU.ActiveCfg = Debug|Any CPU
		{D1DBA438-C2DF-403B-924C-46269A3249DE}.Debug|Any CPU.Build.0 = Debug|Any CPU
		{D1DBA438-C2DF-403B-924C-46269A3249DE}.Release|Any CPU.ActiveCfg = Release|Any CPU
		{D1DBA438-C2DF-403B-924C-46269A3249DE}.Release|Any CPU.Build.0 = Release|Any CPU
	EndGlobalSection
	GlobalSection(SolutionProperties) = preSolution
		HideSolutionNode = FALSE
	EndGlobalSection
	GlobalSection(ExtensibilityGlobals) = postSolution
		SolutionGuid = {D816793F-00A4-49EA-A1E2-BB8D7B1F4E42}
	EndGlobalSection
EndGlobal
